<?xml version="1.0" encoding="utf-8"?>
<Project ToolsVersion="4.0" xmlns="http://schemas.microsoft.com/developer/msbuild/2003">
  <ItemGroup>
    <Filter Include="源文件">
      <UniqueIdentifier>{4FC737F1-C7A5-4376-A066-2A32D752A2FF}</UniqueIdentifier>
      <Extensions>cpp;c;cc;cxx;def;odl;idl;hpj;bat;asm;asmx</Extensions>
    </Filter>
    <Filter Include="头文件">
      <UniqueIdentifier>{93995380-89BD-4b04-88EB-625FBE52EBFB}</UniqueIdentifier>
      <Extensions>h;hpp;hxx;hm;inl;inc;xsd</Extensions>
    </Filter>
    <Filter Include="资源文件">
      <UniqueIdentifier>{67DA6AB6-F800-4c08-8B7A-83BB121AAD01}</UniqueIdentifier>
      <Extensions>rc;ico;cur;bmp;dlg;rc2;rct;bin;rgs;gif;jpg;jpeg;jpe;resx;tiff;tif;png;wav;mfcribbon-ms</Extensions>
    </Filter>
    <Filter Include="源文件\ace">
      <UniqueIdentifier>{b670d84d-3dd4-4d95-99b9-e09ff1c590c5}</UniqueIdentifier>
    </Filter>
    <Filter Include="源文件\simple">
      <UniqueIdentifier>{899085cd-9e9e-4ad8-a58a-fe346e731bee}</UniqueIdentifier>
    </Filter>
    <Filter Include="源文件\simple\echo">
      <UniqueIdentifier>{b52fe1fc-b3c0-424f-a137-8c23c9c9569a}</UniqueIdentifier>
    </Filter>
  </ItemGroup>
  <ItemGroup>
    <ClCompile Include="simple\echo\echo.cc">
      <Filter>源文件\simple\echo</Filter>
    </ClCompile>
    <ClCompile Include="simple\echo\main.cc">
      <Filter>源文件\simple\echo</Filter>
    </ClCompile>
  </ItemGroup>
</Project>